
Microsoft Visual Studio Solution File, Format Version 12.00
# Visual Studio Version 17
VisualStudioVersion = 17.2.32630.192
MinimumVisualStudioVersion = 10.0.40219.1
Project("{FAE04EC0-301F-11D3-BF4B-00C04F79EFBC}") = "AppClase", "AppClase\AppClase.csproj", "{4B40569C-1B94-4ACF-BD46-05122C7813FB}"
EndProject
Global
	GlobalSection(SolutionConfigurationPlatforms) = preSolution
		Debug|Any CPU = Debug|Any CPU
		Release|Any CPU = Release|Any CPU
	EndGlobalSection
	GlobalSection(ProjectConfigurationPlatforms) = postSolution
		{4B40569C-1B94-4ACF-BD46-05122C7813FB}.Debug|Any CPU.ActiveCfg = Debug|Any CPU
		{4B40569C-1B94-4ACF-BD46-05122C7813FB}.Debug|Any CPU.Build.0 = Debug|Any CPU
		{4B40569C-1B94-4ACF-BD46-05122C7813FB}.Release|Any CPU.ActiveCfg = Release|Any CPU
		{4B40569C-1B94-4ACF-BD46-05122C7813FB}.Release|Any CPU.Build.0 = Release|Any CPU
	EndGlobalSection
	GlobalSection(SolutionProperties) = preSolution
		HideSolutionNode = FALSE
	EndGlobalSection
	GlobalSection(ExtensibilityGlobals) = postSolution
		SolutionGuid = {32967446-85BA-4D1B-B68E-DF54616FE029}
	EndGlobalSection
EndGlobal
